{
  "name": "shipment",
  "lockfileVersion": 2,
  "requires": true,
  "packages": {
    "": {
      "dependencies": {
        "@cycle/dom": "^22.8.0",
        "@cycle/run": "^5.5.0",
        "@cycle/rx-adapter": "^3.1.0",
        "xstream": "^11.14.0"
      }
    },
    "node_modules/@cycle/dom": {
      "version": "22.8.0",
      "resolved": "https://registry.npmjs.org/@cycle/dom/-/dom-22.8.0.tgz",
      "integrity": "sha512-YnB4zUGOXVdPFXaVzYEUHXNqJlz1190Qfj1UpEBSiiJMPw+jskrNPrlhzqpE1MVjtpNlBJVoe+Vq73d2MnP3Bw==",
      "dependencies": {
        "@cycle/run": "^5.2.0",
        "snabbdom": "^0.7.4",
        "snabbdom-selector": "^4.2.0",
        "xstream": "*"
      },
      "engines": {
        "node": ">=0.10.0"
      },
      "funding": {
        "type": "opencollective",
        "url": "https://opencollective.com/cyclejs"
      }
    },
    "node_modules/@cycle/run": {
      "version": "5.5.0",
      "resolved": "https://registry.npmjs.org/@cycle/run/-/run-5.5.0.tgz",
      "integrity": "sha512-RZ7Zfai1zfxa0ZP2I4Pu72UgZrRyG3PnivFCe/yYfQBcFHSlUy1biwUTnPB4+k/SE6/cOMTiFqwqu/Y3M+fh1g==",
      "dependencies": {
        "quicktask": "1.1.0",
        "xstream": "10.x || 11.x"
      },
      "engines": {
        "node": ">=0.12.0"
      },
      "funding": {
        "type": "opencollective",
        "url": "https://opencollective.com/cyclejs"
      }
    },
    "node_modules/@cycle/rx-adapter": {
      "version": "3.1.0",
      "resolved": "https://registry.npmjs.org/@cycle/rx-adapter/-/rx-adapter-3.1.0.tgz",
      "integrity": "sha1-zLkqGXHHi5SLHhqQEOVIkJWKDSI=",
      "deprecated": "no longer supported. see release notes for Cycle Unified",
      "peerDependencies": {
        "rx": "*"
      }
    },
    "node_modules/define-properties": {
      "version": "1.1.3",
      "resolved": "https://registry.npmjs.org/define-properties/-/define-properties-1.1.3.tgz",
      "integrity": "sha512-3MqfYKj2lLzdMSf8ZIZE/V+Zuy+BgD6f164e8K2w7dgnpKArBDerGYpM46IYYcjnkdPNMjPk9A6VFB8+3SKlXQ==",
      "dependencies": {
        "object-keys": "^1.0.12"
      },
      "engines": {
        "node": ">= 0.4"
      }
    },
    "node_modules/globalthis": {
      "version": "1.0.2",
      "resolved": "https://registry.npmjs.org/globalthis/-/globalthis-1.0.2.tgz",
      "integrity": "sha512-ZQnSFO1la8P7auIOQECnm0sSuoMeaSq0EEdXMBFF2QJO4uNcwbyhSgG3MruWNbFTqCLmxVwGOl7LZ9kASvHdeQ==",
      "dependencies": {
        "define-properties": "^1.1.3"
      },
      "engines": {
        "node": ">= 0.4"
      },
      "funding": {
        "url": "https://github.com/sponsors/ljharb"
      }
    },
    "node_modules/object-keys": {
      "version": "1.1.1",
      "resolved": "https://registry.npmjs.org/object-keys/-/object-keys-1.1.1.tgz",
      "integrity": "sha512-NuAESUOUMrlIXOfHKzD6bpPu3tYt3xvjNdRIQ+FeT0lNb4K8WR70CaDxhuNguS2XG+GjkyMwOzsN5ZktImfhLA==",
      "engines": {
        "node": ">= 0.4"
      }
    },
    "node_modules/quicktask": {
      "version": "1.1.0",
      "resolved": "https://registry.npmjs.org/quicktask/-/quicktask-1.1.0.tgz",
      "integrity": "sha512-b3w19IEXnt5auacLAbePVsqPyVQUwmuhJQrrWnVhm4pP8PAMg2U9vFHbAD9XYXXbMDjdLJs0x5NLqwTV8uFK4g=="
    },
    "node_modules/rx": {
      "version": "4.1.0",
      "resolved": "https://registry.npmjs.org/rx/-/rx-4.1.0.tgz",
      "integrity": "sha1-pfE/957zt0D+MKqAP7CfmIBdR4I=",
      "peer": true
    },
    "node_modules/snabbdom": {
      "version": "0.7.4",
      "resolved": "https://registry.npmjs.org/snabbdom/-/snabbdom-0.7.4.tgz",
      "integrity": "sha512-nnN+7uZ2NTIiu7EPMNwSDhmrYXqwlfCP/j72RdzvDPujXyvQxOW7Jl9yuLayzxMHDNWQR7FM6Pcn4wnDpKRe6Q=="
    },
    "node_modules/snabbdom-selector": {
      "version": "4.2.0",
      "resolved": "https://registry.npmjs.org/snabbdom-selector/-/snabbdom-selector-4.2.0.tgz",
      "integrity": "sha512-hNIg1xDMxssUeMC/4r3OGxXhm8pbyJ0KIG0pXrA3J5ZQK+FkPa+WA9DYw4ROMLq5/LrfurMNMvy3IMm+0CzcnA==",
      "dependencies": {
        "tree-selector": "^2.1.0"
      },
      "peerDependencies": {
        "snabbdom": "*"
      }
    },
    "node_modules/symbol-observable": {
      "version": "2.0.3",
      "resolved": "https://registry.npmjs.org/symbol-observable/-/symbol-observable-2.0.3.tgz",
      "integrity": "sha512-sQV7phh2WCYAn81oAkakC5qjq2Ml0g8ozqz03wOGnx9dDlG1de6yrF+0RAzSJD8fPUow3PTSMf2SAbOGxb93BA==",
      "engines": {
        "node": ">=0.10"
      }
    },
    "node_modules/tree-selector": {
      "version": "2.1.1",
      "resolved": "https://registry.npmjs.org/tree-selector/-/tree-selector-2.1.1.tgz",
      "integrity": "sha512-NVFYU6YzyUHSMS7+qbhdHlBHG5P9IPjycQa+8MnIBDpq/UWEkMD+lAL/56x7Fty+mAq9SWgtg9D4flZfuOZdDg=="
    },
    "node_modules/xstream": {
      "version": "11.14.0",
      "resolved": "https://registry.npmjs.org/xstream/-/xstream-11.14.0.tgz",
      "integrity": "sha512-1bLb+kKKtKPbgTK6i/BaoAn03g47PpFstlbe1BA+y3pNS/LfvcaghS5BFf9+EE1J+KwSQsEpfJvFN5GqFtiNmw==",
      "dependencies": {
        "globalthis": "^1.0.1",
        "symbol-observable": "^2.0.3"
      }
    }
  },
  "dependencies": {
    "@cycle/dom": {
      "version": "22.8.0",
      "resolved": "https://registry.npmjs.org/@cycle/dom/-/dom-22.8.0.tgz",
      "integrity": "sha512-YnB4zUGOXVdPFXaVzYEUHXNqJlz1190Qfj1UpEBSiiJMPw+jskrNPrlhzqpE1MVjtpNlBJVoe+Vq73d2MnP3Bw==",
      "requires": {
        "@cycle/run": "^5.2.0",
        "snabbdom": "^0.7.4",
        "snabbdom-selector": "^4.2.0",
        "xstream": "*"
      }
    },
    "@cycle/run": {
      "version": "5.5.0",
      "resolved": "https://registry.npmjs.org/@cycle/run/-/run-5.5.0.tgz",
      "integrity": "sha512-RZ7Zfai1zfxa0ZP2I4Pu72UgZrRyG3PnivFCe/yYfQBcFHSlUy1biwUTnPB4+k/SE6/cOMTiFqwqu/Y3M+fh1g==",
      "requires": {
        "quicktask": "1.1.0",
        "xstream": "10.x || 11.x"
      }
    },
    "@cycle/rx-adapter": {
      "version": "3.1.0",
      "resolved": "https://registry.npmjs.org/@cycle/rx-adapter/-/rx-adapter-3.1.0.tgz",
      "integrity": "sha1-zLkqGXHHi5SLHhqQEOVIkJWKDSI=",
      "requires": {}
    },
    "define-properties": {
      "version": "1.1.3",
      "resolved": "https://registry.npmjs.org/define-properties/-/define-properties-1.1.3.tgz",
      "integrity": "sha512-3MqfYKj2lLzdMSf8ZIZE/V+Zuy+BgD6f164e8K2w7dgnpKArBDerGYpM46IYYcjnkdPNMjPk9A6VFB8+3SKlXQ==",
      "requires": {
        "object-keys": "^1.0.12"
      }
    },
    "globalthis": {
      "version": "1.0.2",
      "resolved": "https://registry.npmjs.org/globalthis/-/globalthis-1.0.2.tgz",
      "integrity": "sha512-ZQnSFO1la8P7auIOQECnm0sSuoMeaSq0EEdXMBFF2QJO4uNcwbyhSgG3MruWNbFTqCLmxVwGOl7LZ9kASvHdeQ==",
      "requires": {
        "define-properties": "^1.1.3"
      }
    },
    "object-keys": {
      "version": "1.1.1",
      "resolved": "https://registry.npmjs.org/object-keys/-/object-keys-1.1.1.tgz",
      "integrity": "sha512-NuAESUOUMrlIXOfHKzD6bpPu3tYt3xvjNdRIQ+FeT0lNb4K8WR70CaDxhuNguS2XG+GjkyMwOzsN5ZktImfhLA=="
    },
    "quicktask": {
      "version": "1.1.0",
      "resolved": "https://registry.npmjs.org/quicktask/-/quicktask-1.1.0.tgz",
      "integrity": "sha512-b3w19IEXnt5auacLAbePVsqPyVQUwmuhJQrrWnVhm4pP8PAMg2U9vFHbAD9XYXXbMDjdLJs0x5NLqwTV8uFK4g=="
    },
    "rx": {
      "version": "4.1.0",
      "resolved": "https://registry.npmjs.org/rx/-/rx-4.1.0.tgz",
      "integrity": "sha1-pfE/957zt0D+MKqAP7CfmIBdR4I=",
      "peer": true
    },
    "snabbdom": {
      "version": "0.7.4",
      "resolved": "https://registry.npmjs.org/snabbdom/-/snabbdom-0.7.4.tgz",
      "integrity": "sha512-nnN+7uZ2NTIiu7EPMNwSDhmrYXqwlfCP/j72RdzvDPujXyvQxOW7Jl9yuLayzxMHDNWQR7FM6Pcn4wnDpKRe6Q=="
    },
    "snabbdom-selector": {
      "version": "4.2.0",
      "resolved": "https://registry.npmjs.org/snabbdom-selector/-/snabbdom-selector-4.2.0.tgz",
      "integrity": "sha512-hNIg1xDMxssUeMC/4r3OGxXhm8pbyJ0KIG0pXrA3J5ZQK+FkPa+WA9DYw4ROMLq5/LrfurMNMvy3IMm+0CzcnA==",
      "requires": {
        "tree-selector": "^2.1.0"
      }
    },
    "symbol-observable": {
      "version": "2.0.3",
      "resolved": "https://registry.npmjs.org/symbol-observable/-/symbol-observable-2.0.3.tgz",
      "integrity": "sha512-sQV7phh2WCYAn81oAkakC5qjq2Ml0g8ozqz03wOGnx9dDlG1de6yrF+0RAzSJD8fPUow3PTSMf2SAbOGxb93BA=="
    },
    "tree-selector": {
      "version": "2.1.1",
      "resolved": "https://registry.npmjs.org/tree-selector/-/tree-selector-2.1.1.tgz",
      "integrity": "sha512-NVFYU6YzyUHSMS7+qbhdHlBHG5P9IPjycQa+8MnIBDpq/UWEkMD+lAL/56x7Fty+mAq9SWgtg9D4flZfuOZdDg=="
    },
    "xstream": {
      "version": "11.14.0",
      "resolved": "https://registry.npmjs.org/xstream/-/xstream-11.14.0.tgz",
      "integrity": "sha512-1bLb+kKKtKPbgTK6i/BaoAn03g47PpFstlbe1BA+y3pNS/LfvcaghS5BFf9+EE1J+KwSQsEpfJvFN5GqFtiNmw==",
      "requires": {
        "globalthis": "^1.0.1",
        "symbol-observable": "^2.0.3"
      }
    }
  }
}
